// !$*UTF8*$!
{
	archiveVersion = 1;
	classes = {
	};
	objectVersion = 46;
	objects = {

/* Begin PBXBuildFile section */
		7921A3121A2E050400158A29 /* Home-Screen.png in Resources */ = {isa = PBXBuildFile; fileRef = 7921A3111A2E050400158A29 /* Home-Screen.png */; };
		7921A3141A2EA33B00158A29 /* Header.png in Resources */ = {isa = PBXBuildFile; fileRef = 7921A3131A2EA33B00158A29 /* Header.png */; };
		79F329171A2DEFC5004F3DEB /* AppDelegate.swift in Sources */ = {isa = PBXBuildFile; fileRef = 79F329161A2DEFC5004F3DEB /* AppDelegate.swift */; };
		79F3291A1A2DEFC5004F3DEB /* Flow_iOS.xcdatamodeld in Sources */ = {isa = PBXBuildFile; fileRef = 79F329181A2DEFC5004F3DEB /* Flow_iOS.xcdatamodeld */; };
		79F3291C1A2DEFC5004F3DEB /* ViewController.swift in Sources */ = {isa = PBXBuildFile; fileRef = 79F3291B1A2DEFC5004F3DEB /* ViewController.swift */; };
		79F3291F1A2DEFC5004F3DEB /* Main.storyboard in Resources */ = {isa = PBXBuildFile; fileRef = 79F3291D1A2DEFC5004F3DEB /* Main.storyboard */; };
		79F329211A2DEFC5004F3DEB /* Images.xcassets in Resources */ = {isa = PBXBuildFile; fileRef = 79F329201A2DEFC5004F3DEB /* Images.xcassets */; };
		79F329241A2DEFC5004F3DEB /* LaunchScreen.xib in Resources */ = {isa = PBXBuildFile; fileRef = 79F329221A2DEFC5004F3DEB /* LaunchScreen.xib */; };
		79F329301A2DEFC5004F3DEB /* Flow_iOSTests.swift in Sources */ = {isa = PBXBuildFile; fileRef = 79F3292F1A2DEFC5004F3DEB /* Flow_iOSTests.swift */; };
/* End PBXBuildFile section */

/* Begin PBXContainerItemProxy section */
		79F3292A1A2DEFC5004F3DEB /* PBXContainerItemProxy */ = {
			isa = PBXContainerItemProxy;
			containerPortal = 79F329091A2DEFC5004F3DEB /* Project object */;
			proxyType = 1;
			remoteGlobalIDString = 79F329101A2DEFC5004F3DEB;
			remoteInfo = "Flow-iOS";
		};
/* End PBXContainerItemProxy section */

/* Begin PBXFileReference section */
		7921A3111A2E050400158A29 /* Home-Screen.png */ = {isa = PBXFileReference; lastKnownFileType = image.png; path = "Home-Screen.png"; sourceTree = "<group>"; };
		7921A3131A2EA33B00158A29 /* Header.png */ = {isa = PBXFileReference; lastKnownFileType = image.png; path = Header.png; sourceTree = "<group>"; };
		79F329111A2DEFC5004F3DEB /* Flow-iOS.app */ = {isa = PBXFileReference; explicitFileType = wrapper.application; includeInIndex = 0; path = "Flow-iOS.app"; sourceTree = BUILT_PRODUCTS_DIR; };
		79F329151A2DEFC5004F3DEB /* Info.plist */ = {isa = PBXFileReference; lastKnownFileType = text.plist.xml; path = Info.plist; sourceTree = "<group>"; };
		79F329161A2DEFC5004F3DEB /* AppDelegate.swift */ = {isa = PBXFileReference; lastKnownFileType = sourcecode.swift; path = AppDelegate.swift; sourceTree = "<group>"; };
		79F329191A2DEFC5004F3DEB /* Flow_iOS.xcdatamodel */ = {isa = PBXFileReference; lastKnownFileType = wrapper.xcdatamodel; path = Flow_iOS.xcdatamodel; sourceTree = "<group>"; };
		79F3291B1A2DEFC5004F3DEB /* ViewController.swift */ = {isa = PBXFileReference; lastKnownFileType = sourcecode.swift; path = ViewController.swift; sourceTree = "<group>"; };
		79F3291E1A2DEFC5004F3DEB /* Base */ = {isa = PBXFileReference; lastKnownFileType = file.storyboard; name = Base; path = Base.lproj/Main.storyboard; sourceTree = "<group>"; };
		79F329201A2DEFC5004F3DEB /* Images.xcassets */ = {isa = PBXFileReference; lastKnownFileType = folder.assetcatalog; path = Images.xcassets; sourceTree = "<group>"; };
		79F329231A2DEFC5004F3DEB /* Base */ = {isa = PBXFileReference; lastKnownFileType = file.xib; name = Base; path = Base.lproj/LaunchScreen.xib; sourceTree = "<group>"; };
		79F329291A2DEFC5004F3DEB /* Flow-iOSTests.xctest */ = {isa = PBXFileReference; explicitFileType = wrapper.cfbundle; includeInIndex = 0; path = "Flow-iOSTests.xctest"; sourceTree = BUILT_PRODUCTS_DIR; };
		79F3292E1A2DEFC5004F3DEB /* Info.plist */ = {isa = PBXFileReference; lastKnownFileType = text.plist.xml; path = Info.plist; sourceTree = "<group>"; };
		79F3292F1A2DEFC5004F3DEB /* Flow_iOSTests.swift */ = {isa = PBXFileReference; lastKnownFileType = sourcecode.swift; path = Flow_iOSTests.swift; sourceTree = "<group>"; };
/* End PBXFileReference section */

/* Begin PBXFrameworksBuildPhase section */
		79F3290E1A2DEFC5004F3DEB /* Frameworks */ = {
			isa = PBXFrameworksBuildPhase;
			buildActionMask = 2147483647;
			files = (
			);
			runOnlyForDeploymentPostprocessing = 0;
		};
		79F329261A2DEFC5004F3DEB /* Frameworks */ = {
			isa = PBXFrameworksBuildPhase;
			buildActionMask = 2147483647;
			files = (
			);
			runOnlyForDeploymentPostprocessing = 0;
		};
/* End PBXFrameworksBuildPhase section */

/* Begin PBXGroup section */
		7921A30D1A2DFA7400158A29 /* Prototype_Images */ = {
			isa = PBXGroup;
			children = (
				7921A3131A2EA33B00158A29 /* Header.png */,
				7921A3111A2E050400158A29 /* Home-Screen.png */,
			);
			name = Prototype_Images;
			sourceTree = "<group>";
		};
		79F329081A2DEFC5004F3DEB = {
			isa = PBXGroup;
			children = (
				79F329131A2DEFC5004F3DEB /* Flow-iOS */,
				79F3292C1A2DEFC5004F3DEB /* Flow-iOSTests */,
				79F329121A2DEFC5004F3DEB /* Products */,
			);
			sourceTree = "<group>";
		};
		79F329121A2DEFC5004F3DEB /* Products */ = {
			isa = PBXGroup;
			children = (
				79F329111A2DEFC5004F3DEB /* Flow-iOS.app */,
				79F329291A2DEFC5004F3DEB /* Flow-iOSTests.xctest */,
			);
			name = Products;
			sourceTree = "<group>";
		};
		79F329131A2DEFC5004F3DEB /* Flow-iOS */ = {
			isa = PBXGroup;
			children = (
				7921A30D1A2DFA7400158A29 /* Prototype_Images */,
				79F329161A2DEFC5004F3DEB /* AppDelegate.swift */,
				79F3291B1A2DEFC5004F3DEB /* ViewController.swift */,
				79F3291D1A2DEFC5004F3DEB /* Main.storyboard */,
				79F329201A2DEFC5004F3DEB /* Images.xcassets */,
				79F329221A2DEFC5004F3DEB /* LaunchScreen.xib */,
				79F329181A2DEFC5004F3DEB /* Flow_iOS.xcdatamodeld */,
				79F329141A2DEFC5004F3DEB /* Supporting Files */,
			);
			path = "Flow-iOS";
			sourceTree = "<group>";
		};
		79F329141A2DEFC5004F3DEB /* Supporting Files */ = {
			isa = PBXGroup;
			children = (
				79F329151A2DEFC5004F3DEB /* Info.plist */,
			);
			name = "Supporting Files";
			sourceTree = "<group>";
		};
		79F3292C1A2DEFC5004F3DEB /* Flow-iOSTests */ = {
			isa = PBXGroup;
			children = (
				79F3292F1A2DEFC5004F3DEB /* Flow_iOSTests.swift */,
				79F3292D1A2DEFC5004F3DEB /* Supporting Files */,
			);
			path = "Flow-iOSTests";
			sourceTree = "<group>";
		};
		79F3292D1A2DEFC5004F3DEB /* Supporting Files */ = {
			isa = PBXGroup;
			children = (
				79F3292E1A2DEFC5004F3DEB /* Info.plist */,
			);
			name = "Supporting Files";
			sourceTree = "<group>";
		};
/* End PBXGroup section */

/* Begin PBXNativeTarget section */
		79F329101A2DEFC5004F3DEB /* Flow-iOS */ = {
			isa = PBXNativeTarget;
			buildConfigurationList = 79F329331A2DEFC5004F3DEB /* Build configuration list for PBXNativeTarget "Flow-iOS" */;
			buildPhases = (
				79F3290D1A2DEFC5004F3DEB /* Sources */,
				79F3290E1A2DEFC5004F3DEB /* Frameworks */,
				79F3290F1A2DEFC5004F3DEB /* Resources */,
			);
			buildRules = (
			);
			dependencies = (
			);
			name = "Flow-iOS";
			productName = "Flow-iOS";
			productReference = 79F329111A2DEFC5004F3DEB /* Flow-iOS.app */;
			productType = "com.apple.product-type.application";
		};
		79F329281A2DEFC5004F3DEB /* Flow-iOSTests */ = {
			isa = PBXNativeTarget;
			buildConfigurationList = 79F329361A2DEFC5004F3DEB /* Build configuration list for PBXNativeTarget "Flow-iOSTests" */;
			buildPhases = (
				79F329251A2DEFC5004F3DEB /* Sources */,
				79F329261A2DEFC5004F3DEB /* Frameworks */,
				79F329271A2DEFC5004F3DEB /* Resources */,
			);
			buildRules = (
			);
			dependencies = (
				79F3292B1A2DEFC5004F3DEB /* PBXTargetDependency */,
			);
			name = "Flow-iOSTests";
			productName = "Flow-iOSTests";
			productReference = 79F329291A2DEFC5004F3DEB /* Flow-iOSTests.xctest */;
			productType = "com.apple.product-type.bundle.unit-test";
		};
/* End PBXNativeTarget section */

/* Begin PBXProject section */
		79F329091A2DEFC5004F3DEB /* Project object */ = {
			isa = PBXProject;
			attributes = {
				LastUpgradeCheck = 0610;
				ORGANIZATIONNAME = "Trijeet Mukhopadhyay";
				TargetAttributes = {
					79F329101A2DEFC5004F3DEB = {
						CreatedOnToolsVersion = 6.1;
						DevelopmentTeam = 8YJ2342CPM;
					};
					79F329281A2DEFC5004F3DEB = {
						CreatedOnToolsVersion = 6.1;
						TestTargetID = 79F329101A2DEFC5004F3DEB;
					};
				};
			};
			buildConfigurationList = 79F3290C1A2DEFC5004F3DEB /* Build configuration list for PBXProject "Flow-iOS" */;
			compatibilityVersion = "Xcode 3.2";
			developmentRegion = English;
			hasScannedForEncodings = 0;
			knownRegions = (
				en,
				Base,
			);
			mainGroup = 79F329081A2DEFC5004F3DEB;
			productRefGroup = 79F329121A2DEFC5004F3DEB /* Products */;
			projectDirPath = "";
			projectRoot = "";
			targets = (
				79F329101A2DEFC5004F3DEB /* Flow-iOS */,
				79F329281A2DEFC5004F3DEB /* Flow-iOSTests */,
			);
		};
/* End PBXProject section */

/* Begin PBXResourcesBuildPhase section */
		79F3290F1A2DEFC5004F3DEB /* Resources */ = {
			isa = PBXResourcesBuildPhase;
			buildActionMask = 2147483647;
			files = (
				79F3291F1A2DEFC5004F3DEB /* Main.storyboard in Resources */,
				7921A3141A2EA33B00158A29 /* Header.png in Resources */,
				79F329241A2DEFC5004F3DEB /* LaunchScreen.xib in Resources */,
				7921A3121A2E050400158A29 /* Home-Screen.png in Resources */,
				79F329211A2DEFC5004F3DEB /* Images.xcassets in Resources */,
			);
			runOnlyForDeploymentPostprocessing = 0;
		};
		79F329271A2DEFC5004F3DEB /* Resources */ = {
			isa = PBXResourcesBuildPhase;
			buildActionMask = 2147483647;
			files = (
			);
			runOnlyForDeploymentPostprocessing = 0;
		};
/* End PBXResourcesBuildPhase section */

/* Begin PBXSourcesBuildPhase section */
		79F3290D1A2DEFC5004F3DEB /* Sources */ = {
			isa = PBXSourcesBuildPhase;
			buildActionMask = 2147483647;
			files = (
				79F3291C1A2DEFC5004F3DEB /* ViewController.swift in Sources */,
				79F329171A2DEFC5004F3DEB /* AppDelegate.swift in Sources */,
				79F3291A1A2DEFC5004F3DEB /* Flow_iOS.xcdatamodeld in Sources */,
			);
			runOnlyForDeploymentPostprocessing = 0;
		};
		79F329251A2DEFC5004F3DEB /* Sources */ = {
			isa = PBXSourcesBuildPhase;
			buildActionMask = 2147483647;
			files = (
				79F329301A2DEFC5004F3DEB /* Flow_iOSTests.swift in Sources */,
			);
			runOnlyForDeploymentPostprocessing = 0;
		};
/* End PBXSourcesBuildPhase section */

/* Begin PBXTargetDependency section */
		79F3292B1A2DEFC5004F3DEB /* PBXTargetDependency */ = {
			isa = PBXTargetDependency;
			target = 79F329101A2DEFC5004F3DEB /* Flow-iOS */;
			targetProxy = 79F3292A1A2DEFC5004F3DEB /* PBXContainerItemProxy */;
		};
/* End PBXTargetDependency section */

/* Begin PBXVariantGroup section */
		79F3291D1A2DEFC5004F3DEB /* Main.storyboard */ = {
			isa = PBXVariantGroup;
			children = (
				79F3291E1A2DEFC5004F3DEB /* Base */,
			);
			name = Main.storyboard;
			sourceTree = "<group>";
		};
		79F329221A2DEFC5004F3DEB /* LaunchScreen.xib */ = {
			isa = PBXVariantGroup;
			children = (
				79F329231A2DEFC5004F3DEB /* Base */,
			);
			name = LaunchScreen.xib;
			sourceTree = "<group>";
		};
/* End PBXVariantGroup section */

/* Begin XCBuildConfiguration section */
		79F329311A2DEFC5004F3DEB /* Debug */ = {
			isa = XCBuildConfiguration;
			buildSettings = {
				ALWAYS_SEARCH_USER_PATHS = NO;
				CLANG_CXX_LANGUAGE_STANDARD = "gnu++0x";
				CLANG_CXX_LIBRARY = "libc++";
				CLANG_ENABLE_MODULES = YES;
				CLANG_ENABLE_OBJC_ARC = YES;
				CLANG_WARN_BOOL_CONVERSION = YES;
				CLANG_WARN_CONSTANT_CONVERSION = YES;
				CLANG_WARN_DIRECT_OBJC_ISA_USAGE = YES_ERROR;
				CLANG_WARN_EMPTY_BODY = YES;
				CLANG_WARN_ENUM_CONVERSION = YES;
				CLANG_WARN_INT_CONVERSION = YES;
				CLANG_WARN_OBJC_ROOT_CLASS = YES_ERROR;
				CLANG_WARN_UNREACHABLE_CODE = YES;
				CLANG_WARN__DUPLICATE_METHOD_MATCH = YES;
				"CODE_SIGN_IDENTITY[sdk=iphoneos*]" = "iPhone Developer";
				COPY_PHASE_STRIP = NO;
				ENABLE_STRICT_OBJC_MSGSEND = YES;
				GCC_C_LANGUAGE_STANDARD = gnu99;
				GCC_DYNAMIC_NO_PIC = NO;
				GCC_OPTIMIZATION_LEVEL = 0;
				GCC_PREPROCESSOR_DEFINITIONS = (
					"DEBUG=1",
					"$(inherited)",
				);
				GCC_SYMBOLS_PRIVATE_EXTERN = NO;
				GCC_WARN_64_TO_32_BIT_CONVERSION = YES;
				GCC_WARN_ABOUT_RETURN_TYPE = YES_ERROR;
				GCC_WARN_UNDECLARED_SELECTOR = YES;
				GCC_WARN_UNINITIALIZED_AUTOS = YES_AGGRESSIVE;
				GCC_WARN_UNUSED_FUNCTION = YES;
				GCC_WARN_UNUSED_VARIABLE = YES;
				IPHONEOS_DEPLOYMENT_TARGET = 8.1;
				MTL_ENABLE_DEBUG_INFO = YES;
				ONLY_ACTIVE_ARCH = YES;
				SDKROOT = iphoneos;
				SWIFT_OPTIMIZATION_LEVEL = "-Onone";
			};
			name = Debug;
		};
		79F329321A2DEFC5004F3DEB /* Release */ = {
			isa = XCBuildConfiguration;
			buildSettings = {
				ALWAYS_SEARCH_USER_PATHS = NO;
				CLANG_CXX_LANGUAGE_STANDARD = "gnu++0x";
				CLANG_CXX_LIBRARY = "libc++";
				CLANG_ENABLE_MODULES = YES;
				CLANG_ENABLE_OBJC_ARC = YES;
				CLANG_WARN_BOOL_CONVERSION = YES;
				CLANG_WARN_CONSTANT_CONVERSION = YES;
				CLANG_WARN_DIRECT_OBJC_ISA_USAGE = YES_ERROR;
				CLANG_WARN_EMPTY_BODY = YES;
				CLANG_WARN_ENUM_CONVERSION = YES;
				CLANG_WARN_INT_CONVERSION = YES;
				CLANG_WARN_OBJC_ROOT_CLASS = YES_ERROR;
				CLANG_WARN_UNREACHABLE_CODE = YES;
				CLANG_WARN__DUPLICATE_METHOD_MATCH = YES;
				"CODE_SIGN_IDENTITY[sdk=iphoneos*]" = "iPhone Developer";
				COPY_PHASE_STRIP = YES;
				ENABLE_NS_ASSERTIONS = NO;
				ENABLE_STRICT_OBJC_MSGSEND = YES;
				GCC_C_LANGUAGE_STANDARD = gnu99;
				GCC_WARN_64_TO_32_BIT_CONVERSION = YES;
				GCC_WARN_ABOUT_RETURN_TYPE = YES_ERROR;
				GCC_WARN_UNDECLARED_SELECTOR = YES;
				GCC_WARN_UNINITIALIZED_AUTOS = YES_AGGRESSIVE;
				GCC_WARN_UNUSED_FUNCTION = YES;
				GCC_WARN_UNUSED_VARIABLE = YES;
				IPHONEOS_DEPLOYMENT_TARGET = 8.1;
				MTL_ENABLE_DEBUG_INFO = NO;
				SDKROOT = iphoneos;
				VALIDATE_PRODUCT = YES;
			};
			name = Release;
		};
		79F329341A2DEFC5004F3DEB /* Debug */ = {
			isa = XCBuildConfiguration;
			buildSettings = {
				ASSETCATALOG_COMPILER_APPICON_NAME = AppIcon;
				CODE_SIGN_IDENTITY = "iPhone Developer";
				"CODE_SIGN_IDENTITY[sdk=iphoneos*]" = "iPhone Developer";
				INFOPLIST_FILE = "Flow-iOS/Info.plist";
				LD_RUNPATH_SEARCH_PATHS = "$(inherited) @executable_path/Frameworks";
				PRODUCT_NAME = "$(TARGET_NAME)";
				PROVISIONING_PROFILE = "";
			};
			name = Debug;
		};
		79F329351A2DEFC5004F3DEB /* Release */ = {
			isa = XCBuildConfiguration;
			buildSettings = {
				ASSETCATALOG_COMPILER_APPICON_NAME = AppIcon;
				CODE_SIGN_IDENTITY = "iPhone Developer";
				"CODE_SIGN_IDENTITY[sdk=iphoneos*]" = "iPhone Developer";
				INFOPLIST_FILE = "Flow-iOS/Info.plist";
				LD_RUNPATH_SEARCH_PATHS = "$(inherited) @executable_path/Frameworks";
				PRODUCT_NAME = "$(TARGET_NAME)";
				PROVISIONING_PROFILE = "";
			};
			name = Release;
		};
		79F329371A2DEFC5004F3DEB /* Debug */ = {
			isa = XCBuildConfiguration;
			buildSettings = {
				BUNDLE_LOADER = "$(TEST_HOST)";
				FRAMEWORK_SEARCH_PATHS = (
					"$(SDKROOT)/Developer/Library/Frameworks",
					"$(inherited)",
				);
				GCC_PREPROCESSOR_DEFINITIONS = (
					"DEBUG=1",
					"$(inherited)",
				);
				INFOPLIST_FILE = "Flow-iOSTests/Info.plist";
				LD_RUNPATH_SEARCH_PATHS = "$(inherited) @executable_path/Frameworks @loader_path/Frameworks";
				PRODUCT_NAME = "$(TARGET_NAME)";
				TEST_HOST = "$(BUILT_PRODUCTS_DIR)/Flow-iOS.app/Flow-iOS";
			};
			name = Debug;
		};
		79F329381A2DEFC5004F3DEB /* Release */ = {
			isa = XCBuildConfiguration;
			buildSettings = {
				BUNDLE_LOADER = "$(TEST_HOST)";
				FRAMEWORK_SEARCH_PATHS = (
					"$(SDKROOT)/Developer/Library/Frameworks",
					"$(inherited)",
				);
				INFOPLIST_FILE = "Flow-iOSTests/Info.plist";
				LD_RUNPATH_SEARCH_PATHS = "$(inherited) @executable_path/Frameworks @loader_path/Frameworks";
				PRODUCT_NAME = "$(TARGET_NAME)";
				TEST_HOST = "$(BUILT_PRODUCTS_DIR)/Flow-iOS.app/Flow-iOS";
			};
			name = Release;
		};
/* End XCBuildConfiguration section */

/* Begin XCConfigurationList section */
		79F3290C1A2DEFC5004F3DEB /* Build configuration list for PBXProject "Flow-iOS" */ = {
			isa = XCConfigurationList;
			buildConfigurations = (
				79F329311A2DEFC5004F3DEB /* Debug */,
				79F329321A2DEFC5004F3DEB /* Release */,
			);
			defaultConfigurationIsVisible = 0;
			defaultConfigurationName = Release;
		};
		79F329331A2DEFC5004F3DEB /* Build configuration list for PBXNativeTarget "Flow-iOS" */ = {
			isa = XCConfigurationList;
			buildConfigurations = (
				79F329341A2DEFC5004F3DEB /* Debug */,
				79F329351A2DEFC5004F3DEB /* Release */,
			);
			defaultConfigurationIsVisible = 0;
			defaultConfigurationName = Release;
		};
		79F329361A2DEFC5004F3DEB /* Build configuration list for PBXNativeTarget "Flow-iOSTests" */ = {
			isa = XCConfigurationList;
			buildConfigurations = (
				79F329371A2DEFC5004F3DEB /* Debug */,
				79F329381A2DEFC5004F3DEB /* Release */,
			);
			defaultConfigurationIsVisible = 0;
			defaultConfigurationName = Release;
		};
/* End XCConfigurationList section */

/* Begin XCVersionGroup section */
		79F329181A2DEFC5004F3DEB /* Flow_iOS.xcdatamodeld */ = {
			isa = XCVersionGroup;
			children = (
				79F329191A2DEFC5004F3DEB /* Flow_iOS.xcdatamodel */,
			);
			currentVersion = 79F329191A2DEFC5004F3DEB /* Flow_iOS.xcdatamodel */;
			path = Flow_iOS.xcdatamodeld;
			sourceTree = "<group>";
			versionGroupType = wrapper.xcdatamodel;
		};
/* End XCVersionGroup section */
	};
	rootObject = 79F329091A2DEFC5004F3DEB /* Project object */;
}
