// !$*UTF8*$!
{
	archiveVersion = 1;
	classes = {
	};
	objectVersion = 46;
	objects = {

/* Begin PBXBuildFile section */
		79CD1BA71A2C03F100823210 /* AppDelegate.swift in Sources */ = {isa = PBXBuildFile; fileRef = 79CD1BA61A2C03F100823210 /* AppDelegate.swift */; };
		79CD1BA91A2C03F100823210 /* RootViewController.swift in Sources */ = {isa = PBXBuildFile; fileRef = 79CD1BA81A2C03F100823210 /* RootViewController.swift */; };
		79CD1BAB1A2C03F100823210 /* DataViewController.swift in Sources */ = {isa = PBXBuildFile; fileRef = 79CD1BAA1A2C03F100823210 /* DataViewController.swift */; };
		79CD1BAD1A2C03F100823210 /* ModelController.swift in Sources */ = {isa = PBXBuildFile; fileRef = 79CD1BAC1A2C03F100823210 /* ModelController.swift */; };
		79CD1BB01A2C03F100823210 /* Main.storyboard in Resources */ = {isa = PBXBuildFile; fileRef = 79CD1BAE1A2C03F100823210 /* Main.storyboard */; };
		79CD1BB21A2C03F100823210 /* Images.xcassets in Resources */ = {isa = PBXBuildFile; fileRef = 79CD1BB11A2C03F100823210 /* Images.xcassets */; };
		79CD1BB51A2C03F100823210 /* LaunchScreen.xib in Resources */ = {isa = PBXBuildFile; fileRef = 79CD1BB31A2C03F100823210 /* LaunchScreen.xib */; };
		79CD1BC11A2C03F100823210 /* Flow_iOSTests.swift in Sources */ = {isa = PBXBuildFile; fileRef = 79CD1BC01A2C03F100823210 /* Flow_iOSTests.swift */; };
/* End PBXBuildFile section */

/* Begin PBXContainerItemProxy section */
		79CD1BBB1A2C03F100823210 /* PBXContainerItemProxy */ = {
			isa = PBXContainerItemProxy;
			containerPortal = 79CD1B991A2C03F100823210 /* Project object */;
			proxyType = 1;
			remoteGlobalIDString = 79CD1BA01A2C03F100823210;
			remoteInfo = "Flow-iOS";
		};
/* End PBXContainerItemProxy section */

/* Begin PBXFileReference section */
		79CD1BA11A2C03F100823210 /* Flow-iOS.app */ = {isa = PBXFileReference; explicitFileType = wrapper.application; includeInIndex = 0; path = "Flow-iOS.app"; sourceTree = BUILT_PRODUCTS_DIR; };
		79CD1BA51A2C03F100823210 /* Info.plist */ = {isa = PBXFileReference; lastKnownFileType = text.plist.xml; path = Info.plist; sourceTree = "<group>"; };
		79CD1BA61A2C03F100823210 /* AppDelegate.swift */ = {isa = PBXFileReference; lastKnownFileType = sourcecode.swift; path = AppDelegate.swift; sourceTree = "<group>"; };
		79CD1BA81A2C03F100823210 /* RootViewController.swift */ = {isa = PBXFileReference; lastKnownFileType = sourcecode.swift; path = RootViewController.swift; sourceTree = "<group>"; };
		79CD1BAA1A2C03F100823210 /* DataViewController.swift */ = {isa = PBXFileReference; lastKnownFileType = sourcecode.swift; path = DataViewController.swift; sourceTree = "<group>"; };
		79CD1BAC1A2C03F100823210 /* ModelController.swift */ = {isa = PBXFileReference; lastKnownFileType = sourcecode.swift; path = ModelController.swift; sourceTree = "<group>"; };
		79CD1BAF1A2C03F100823210 /* Base */ = {isa = PBXFileReference; lastKnownFileType = file.storyboard; name = Base; path = Base.lproj/Main.storyboard; sourceTree = "<group>"; };
		79CD1BB11A2C03F100823210 /* Images.xcassets */ = {isa = PBXFileReference; lastKnownFileType = folder.assetcatalog; path = Images.xcassets; sourceTree = "<group>"; };
		79CD1BB41A2C03F100823210 /* Base */ = {isa = PBXFileReference; lastKnownFileType = file.xib; name = Base; path = Base.lproj/LaunchScreen.xib; sourceTree = "<group>"; };
		79CD1BBA1A2C03F100823210 /* Flow-iOSTests.xctest */ = {isa = PBXFileReference; explicitFileType = wrapper.cfbundle; includeInIndex = 0; path = "Flow-iOSTests.xctest"; sourceTree = BUILT_PRODUCTS_DIR; };
		79CD1BBF1A2C03F100823210 /* Info.plist */ = {isa = PBXFileReference; lastKnownFileType = text.plist.xml; path = Info.plist; sourceTree = "<group>"; };
		79CD1BC01A2C03F100823210 /* Flow_iOSTests.swift */ = {isa = PBXFileReference; lastKnownFileType = sourcecode.swift; path = Flow_iOSTests.swift; sourceTree = "<group>"; };
/* End PBXFileReference section */

/* Begin PBXFrameworksBuildPhase section */
		79CD1B9E1A2C03F100823210 /* Frameworks */ = {
			isa = PBXFrameworksBuildPhase;
			buildActionMask = 2147483647;
			files = (
			);
			runOnlyForDeploymentPostprocessing = 0;
		};
		79CD1BB71A2C03F100823210 /* Frameworks */ = {
			isa = PBXFrameworksBuildPhase;
			buildActionMask = 2147483647;
			files = (
			);
			runOnlyForDeploymentPostprocessing = 0;
		};
/* End PBXFrameworksBuildPhase section */

/* Begin PBXGroup section */
		79CD1B981A2C03F100823210 = {
			isa = PBXGroup;
			children = (
				79CD1BA31A2C03F100823210 /* Flow-iOS */,
				79CD1BBD1A2C03F100823210 /* Flow-iOSTests */,
				79CD1BA21A2C03F100823210 /* Products */,
			);
			sourceTree = "<group>";
		};
		79CD1BA21A2C03F100823210 /* Products */ = {
			isa = PBXGroup;
			children = (
				79CD1BA11A2C03F100823210 /* Flow-iOS.app */,
				79CD1BBA1A2C03F100823210 /* Flow-iOSTests.xctest */,
			);
			name = Products;
			sourceTree = "<group>";
		};
		79CD1BA31A2C03F100823210 /* Flow-iOS */ = {
			isa = PBXGroup;
			children = (
				79CD1BA61A2C03F100823210 /* AppDelegate.swift */,
				79CD1BA81A2C03F100823210 /* RootViewController.swift */,
				79CD1BAA1A2C03F100823210 /* DataViewController.swift */,
				79CD1BAC1A2C03F100823210 /* ModelController.swift */,
				79CD1BAE1A2C03F100823210 /* Main.storyboard */,
				79CD1BB11A2C03F100823210 /* Images.xcassets */,
				79CD1BB31A2C03F100823210 /* LaunchScreen.xib */,
				79CD1BA41A2C03F100823210 /* Supporting Files */,
			);
			path = "Flow-iOS";
			sourceTree = "<group>";
		};
		79CD1BA41A2C03F100823210 /* Supporting Files */ = {
			isa = PBXGroup;
			children = (
				79CD1BA51A2C03F100823210 /* Info.plist */,
			);
			name = "Supporting Files";
			sourceTree = "<group>";
		};
		79CD1BBD1A2C03F100823210 /* Flow-iOSTests */ = {
			isa = PBXGroup;
			children = (
				79CD1BC01A2C03F100823210 /* Flow_iOSTests.swift */,
				79CD1BBE1A2C03F100823210 /* Supporting Files */,
			);
			path = "Flow-iOSTests";
			sourceTree = "<group>";
		};
		79CD1BBE1A2C03F100823210 /* Supporting Files */ = {
			isa = PBXGroup;
			children = (
				79CD1BBF1A2C03F100823210 /* Info.plist */,
			);
			name = "Supporting Files";
			sourceTree = "<group>";
		};
/* End PBXGroup section */

/* Begin PBXNativeTarget section */
		79CD1BA01A2C03F100823210 /* Flow-iOS */ = {
			isa = PBXNativeTarget;
			buildConfigurationList = 79CD1BC41A2C03F100823210 /* Build configuration list for PBXNativeTarget "Flow-iOS" */;
			buildPhases = (
				79CD1B9D1A2C03F100823210 /* Sources */,
				79CD1B9E1A2C03F100823210 /* Frameworks */,
				79CD1B9F1A2C03F100823210 /* Resources */,
			);
			buildRules = (
			);
			dependencies = (
			);
			name = "Flow-iOS";
			productName = "Flow-iOS";
			productReference = 79CD1BA11A2C03F100823210 /* Flow-iOS.app */;
			productType = "com.apple.product-type.application";
		};
		79CD1BB91A2C03F100823210 /* Flow-iOSTests */ = {
			isa = PBXNativeTarget;
			buildConfigurationList = 79CD1BC71A2C03F100823210 /* Build configuration list for PBXNativeTarget "Flow-iOSTests" */;
			buildPhases = (
				79CD1BB61A2C03F100823210 /* Sources */,
				79CD1BB71A2C03F100823210 /* Frameworks */,
				79CD1BB81A2C03F100823210 /* Resources */,
			);
			buildRules = (
			);
			dependencies = (
				79CD1BBC1A2C03F100823210 /* PBXTargetDependency */,
			);
			name = "Flow-iOSTests";
			productName = "Flow-iOSTests";
			productReference = 79CD1BBA1A2C03F100823210 /* Flow-iOSTests.xctest */;
			productType = "com.apple.product-type.bundle.unit-test";
		};
/* End PBXNativeTarget section */

/* Begin PBXProject section */
		79CD1B991A2C03F100823210 /* Project object */ = {
			isa = PBXProject;
			attributes = {
				LastUpgradeCheck = 0610;
				ORGANIZATIONNAME = "Trijeet Mukhopadhyay";
				TargetAttributes = {
					79CD1BA01A2C03F100823210 = {
						CreatedOnToolsVersion = 6.1;
						DevelopmentTeam = 8YJ2342CPM;
					};
					79CD1BB91A2C03F100823210 = {
						CreatedOnToolsVersion = 6.1;
						TestTargetID = 79CD1BA01A2C03F100823210;
					};
				};
			};
			buildConfigurationList = 79CD1B9C1A2C03F100823210 /* Build configuration list for PBXProject "Flow-iOS" */;
			compatibilityVersion = "Xcode 3.2";
			developmentRegion = English;
			hasScannedForEncodings = 0;
			knownRegions = (
				en,
				Base,
			);
			mainGroup = 79CD1B981A2C03F100823210;
			productRefGroup = 79CD1BA21A2C03F100823210 /* Products */;
			projectDirPath = "";
			projectRoot = "";
			targets = (
				79CD1BA01A2C03F100823210 /* Flow-iOS */,
				79CD1BB91A2C03F100823210 /* Flow-iOSTests */,
			);
		};
/* End PBXProject section */

/* Begin PBXResourcesBuildPhase section */
		79CD1B9F1A2C03F100823210 /* Resources */ = {
			isa = PBXResourcesBuildPhase;
			buildActionMask = 2147483647;
			files = (
				79CD1BB01A2C03F100823210 /* Main.storyboard in Resources */,
				79CD1BB51A2C03F100823210 /* LaunchScreen.xib in Resources */,
				79CD1BB21A2C03F100823210 /* Images.xcassets in Resources */,
			);
			runOnlyForDeploymentPostprocessing = 0;
		};
		79CD1BB81A2C03F100823210 /* Resources */ = {
			isa = PBXResourcesBuildPhase;
			buildActionMask = 2147483647;
			files = (
			);
			runOnlyForDeploymentPostprocessing = 0;
		};
/* End PBXResourcesBuildPhase section */

/* Begin PBXSourcesBuildPhase section */
		79CD1B9D1A2C03F100823210 /* Sources */ = {
			isa = PBXSourcesBuildPhase;
			buildActionMask = 2147483647;
			files = (
				79CD1BA91A2C03F100823210 /* RootViewController.swift in Sources */,
				79CD1BAD1A2C03F100823210 /* ModelController.swift in Sources */,
				79CD1BAB1A2C03F100823210 /* DataViewController.swift in Sources */,
				79CD1BA71A2C03F100823210 /* AppDelegate.swift in Sources */,
			);
			runOnlyForDeploymentPostprocessing = 0;
		};
		79CD1BB61A2C03F100823210 /* Sources */ = {
			isa = PBXSourcesBuildPhase;
			buildActionMask = 2147483647;
			files = (
				79CD1BC11A2C03F100823210 /* Flow_iOSTests.swift in Sources */,
			);
			runOnlyForDeploymentPostprocessing = 0;
		};
/* End PBXSourcesBuildPhase section */

/* Begin PBXTargetDependency section */
		79CD1BBC1A2C03F100823210 /* PBXTargetDependency */ = {
			isa = PBXTargetDependency;
			target = 79CD1BA01A2C03F100823210 /* Flow-iOS */;
			targetProxy = 79CD1BBB1A2C03F100823210 /* PBXContainerItemProxy */;
		};
/* End PBXTargetDependency section */

/* Begin PBXVariantGroup section */
		79CD1BAE1A2C03F100823210 /* Main.storyboard */ = {
			isa = PBXVariantGroup;
			children = (
				79CD1BAF1A2C03F100823210 /* Base */,
			);
			name = Main.storyboard;
			sourceTree = "<group>";
		};
		79CD1BB31A2C03F100823210 /* LaunchScreen.xib */ = {
			isa = PBXVariantGroup;
			children = (
				79CD1BB41A2C03F100823210 /* Base */,
			);
			name = LaunchScreen.xib;
			sourceTree = "<group>";
		};
/* End PBXVariantGroup section */

/* Begin XCBuildConfiguration section */
		79CD1BC21A2C03F100823210 /* Debug */ = {
			isa = XCBuildConfiguration;
			buildSettings = {
				ALWAYS_SEARCH_USER_PATHS = NO;
				CLANG_CXX_LANGUAGE_STANDARD = "gnu++0x";
				CLANG_CXX_LIBRARY = "libc++";
				CLANG_ENABLE_MODULES = YES;
				CLANG_ENABLE_OBJC_ARC = YES;
				CLANG_WARN_BOOL_CONVERSION = YES;
				CLANG_WARN_CONSTANT_CONVERSION = YES;
				CLANG_WARN_DIRECT_OBJC_ISA_USAGE = YES_ERROR;
				CLANG_WARN_EMPTY_BODY = YES;
				CLANG_WARN_ENUM_CONVERSION = YES;
				CLANG_WARN_INT_CONVERSION = YES;
				CLANG_WARN_OBJC_ROOT_CLASS = YES_ERROR;
				CLANG_WARN_UNREACHABLE_CODE = YES;
				CLANG_WARN__DUPLICATE_METHOD_MATCH = YES;
				"CODE_SIGN_IDENTITY[sdk=iphoneos*]" = "iPhone Developer";
				COPY_PHASE_STRIP = NO;
				ENABLE_STRICT_OBJC_MSGSEND = YES;
				GCC_C_LANGUAGE_STANDARD = gnu99;
				GCC_DYNAMIC_NO_PIC = NO;
				GCC_OPTIMIZATION_LEVEL = 0;
				GCC_PREPROCESSOR_DEFINITIONS = (
					"DEBUG=1",
					"$(inherited)",
				);
				GCC_SYMBOLS_PRIVATE_EXTERN = NO;
				GCC_WARN_64_TO_32_BIT_CONVERSION = YES;
				GCC_WARN_ABOUT_RETURN_TYPE = YES_ERROR;
				GCC_WARN_UNDECLARED_SELECTOR = YES;
				GCC_WARN_UNINITIALIZED_AUTOS = YES_AGGRESSIVE;
				GCC_WARN_UNUSED_FUNCTION = YES;
				GCC_WARN_UNUSED_VARIABLE = YES;
				IPHONEOS_DEPLOYMENT_TARGET = 8.1;
				MTL_ENABLE_DEBUG_INFO = YES;
				ONLY_ACTIVE_ARCH = YES;
				SDKROOT = iphoneos;
				SWIFT_OPTIMIZATION_LEVEL = "-Onone";
			};
			name = Debug;
		};
		79CD1BC31A2C03F100823210 /* Release */ = {
			isa = XCBuildConfiguration;
			buildSettings = {
				ALWAYS_SEARCH_USER_PATHS = NO;
				CLANG_CXX_LANGUAGE_STANDARD = "gnu++0x";
				CLANG_CXX_LIBRARY = "libc++";
				CLANG_ENABLE_MODULES = YES;
				CLANG_ENABLE_OBJC_ARC = YES;
				CLANG_WARN_BOOL_CONVERSION = YES;
				CLANG_WARN_CONSTANT_CONVERSION = YES;
				CLANG_WARN_DIRECT_OBJC_ISA_USAGE = YES_ERROR;
				CLANG_WARN_EMPTY_BODY = YES;
				CLANG_WARN_ENUM_CONVERSION = YES;
				CLANG_WARN_INT_CONVERSION = YES;
				CLANG_WARN_OBJC_ROOT_CLASS = YES_ERROR;
				CLANG_WARN_UNREACHABLE_CODE = YES;
				CLANG_WARN__DUPLICATE_METHOD_MATCH = YES;
				"CODE_SIGN_IDENTITY[sdk=iphoneos*]" = "iPhone Developer";
				COPY_PHASE_STRIP = YES;
				ENABLE_NS_ASSERTIONS = NO;
				ENABLE_STRICT_OBJC_MSGSEND = YES;
				GCC_C_LANGUAGE_STANDARD = gnu99;
				GCC_WARN_64_TO_32_BIT_CONVERSION = YES;
				GCC_WARN_ABOUT_RETURN_TYPE = YES_ERROR;
				GCC_WARN_UNDECLARED_SELECTOR = YES;
				GCC_WARN_UNINITIALIZED_AUTOS = YES_AGGRESSIVE;
				GCC_WARN_UNUSED_FUNCTION = YES;
				GCC_WARN_UNUSED_VARIABLE = YES;
				IPHONEOS_DEPLOYMENT_TARGET = 8.1;
				MTL_ENABLE_DEBUG_INFO = NO;
				SDKROOT = iphoneos;
				VALIDATE_PRODUCT = YES;
			};
			name = Release;
		};
		79CD1BC51A2C03F100823210 /* Debug */ = {
			isa = XCBuildConfiguration;
			buildSettings = {
				ASSETCATALOG_COMPILER_APPICON_NAME = AppIcon;
				CODE_SIGN_IDENTITY = "iPhone Developer";
				INFOPLIST_FILE = "Flow-iOS/Info.plist";
				LD_RUNPATH_SEARCH_PATHS = "$(inherited) @executable_path/Frameworks";
				PRODUCT_NAME = "$(TARGET_NAME)";
			};
			name = Debug;
		};
		79CD1BC61A2C03F100823210 /* Release */ = {
			isa = XCBuildConfiguration;
			buildSettings = {
				ASSETCATALOG_COMPILER_APPICON_NAME = AppIcon;
				CODE_SIGN_IDENTITY = "iPhone Developer";
				INFOPLIST_FILE = "Flow-iOS/Info.plist";
				LD_RUNPATH_SEARCH_PATHS = "$(inherited) @executable_path/Frameworks";
				PRODUCT_NAME = "$(TARGET_NAME)";
			};
			name = Release;
		};
		79CD1BC81A2C03F100823210 /* Debug */ = {
			isa = XCBuildConfiguration;
			buildSettings = {
				BUNDLE_LOADER = "$(TEST_HOST)";
				FRAMEWORK_SEARCH_PATHS = (
					"$(SDKROOT)/Developer/Library/Frameworks",
					"$(inherited)",
				);
				GCC_PREPROCESSOR_DEFINITIONS = (
					"DEBUG=1",
					"$(inherited)",
				);
				INFOPLIST_FILE = "Flow-iOSTests/Info.plist";
				LD_RUNPATH_SEARCH_PATHS = "$(inherited) @executable_path/Frameworks @loader_path/Frameworks";
				PRODUCT_NAME = "$(TARGET_NAME)";
				TEST_HOST = "$(BUILT_PRODUCTS_DIR)/Flow-iOS.app/Flow-iOS";
			};
			name = Debug;
		};
		79CD1BC91A2C03F100823210 /* Release */ = {
			isa = XCBuildConfiguration;
			buildSettings = {
				BUNDLE_LOADER = "$(TEST_HOST)";
				FRAMEWORK_SEARCH_PATHS = (
					"$(SDKROOT)/Developer/Library/Frameworks",
					"$(inherited)",
				);
				INFOPLIST_FILE = "Flow-iOSTests/Info.plist";
				LD_RUNPATH_SEARCH_PATHS = "$(inherited) @executable_path/Frameworks @loader_path/Frameworks";
				PRODUCT_NAME = "$(TARGET_NAME)";
				TEST_HOST = "$(BUILT_PRODUCTS_DIR)/Flow-iOS.app/Flow-iOS";
			};
			name = Release;
		};
/* End XCBuildConfiguration section */

/* Begin XCConfigurationList section */
		79CD1B9C1A2C03F100823210 /* Build configuration list for PBXProject "Flow-iOS" */ = {
			isa = XCConfigurationList;
			buildConfigurations = (
				79CD1BC21A2C03F100823210 /* Debug */,
				79CD1BC31A2C03F100823210 /* Release */,
			);
			defaultConfigurationIsVisible = 0;
			defaultConfigurationName = Release;
		};
		79CD1BC41A2C03F100823210 /* Build configuration list for PBXNativeTarget "Flow-iOS" */ = {
			isa = XCConfigurationList;
			buildConfigurations = (
				79CD1BC51A2C03F100823210 /* Debug */,
				79CD1BC61A2C03F100823210 /* Release */,
			);
			defaultConfigurationIsVisible = 0;
		};
		79CD1BC71A2C03F100823210 /* Build configuration list for PBXNativeTarget "Flow-iOSTests" */ = {
			isa = XCConfigurationList;
			buildConfigurations = (
				79CD1BC81A2C03F100823210 /* Debug */,
				79CD1BC91A2C03F100823210 /* Release */,
			);
			defaultConfigurationIsVisible = 0;
		};
/* End XCConfigurationList section */
	};
	rootObject = 79CD1B991A2C03F100823210 /* Project object */;
}
